{
  "name": "easybooking-monorepo",
  "version": "1.0.0",
  "lockfileVersion": 3,
  "requires": true,
  "packages": {
    "": {
      "name": "easybooking-monorepo",
      "version": "1.0.0",
      "license": "UNLICENSED",
      "workspaces": [
        "packages/schema",
        "services/backend"
      ]
    },
    "node_modules/@easybooking/backend": {
      "resolved": "services/backend",
      "link": true
    },
    "node_modules/@easybooking/schema": {
      "resolved": "packages/schema",
      "link": true
    },
    "packages/schema": {
      "name": "@easybooking/schema",
      "version": "1.0.0",
      "license": "ISC"
    },
    "services/backend": {
      "name": "@easybooking/backend",
      "version": "1.0.0",
      "license": "UNLICENSED",
      "dependencies": {
        "@easybooking/schema": "*"
      }
    }
  }
}
